
Microsoft Visual Studio Solution File, Format Version 12.00
# Visual Studio 14
VisualStudioVersion = 14.0.25420.1
MinimumVisualStudioVersion = 10.0.40219.1
Project("{FAE04EC0-301F-11D3-BF4B-00C04F79EFBC}") = "DelphiToCsConverter", "DelphiToCsConverter\DelphiToCsConverter.csproj", "{6F46B83A-73E0-44A6-9632-8E5F21821FB8}"
EndProject
Project("{FAE04EC0-301F-11D3-BF4B-00C04F79EFBC}") = "DelphiToCsConverter.Tests", "DelphiToCsConverter.Tests\DelphiToCsConverter.Tests.csproj", "{2845AD82-F8C7-40DE-ACD5-59F3DD6398A7}"
EndProject
Global
	GlobalSection(SolutionConfigurationPlatforms) = preSolution
		Debug|Any CPU = Debug|Any CPU
		Release|Any CPU = Release|Any CPU
	EndGlobalSection
	GlobalSection(ProjectConfigurationPlatforms) = postSolution
		{6F46B83A-73E0-44A6-9632-8E5F21821FB8}.Debug|Any CPU.ActiveCfg = Debug|Any CPU
		{6F46B83A-73E0-44A6-9632-8E5F21821FB8}.Debug|Any CPU.Build.0 = Debug|Any CPU
		{6F46B83A-73E0-44A6-9632-8E5F21821FB8}.Release|Any CPU.ActiveCfg = Release|Any CPU
		{6F46B83A-73E0-44A6-9632-8E5F21821FB8}.Release|Any CPU.Build.0 = Release|Any CPU
		{2845AD82-F8C7-40DE-ACD5-59F3DD6398A7}.Debug|Any CPU.ActiveCfg = Debug|Any CPU
		{2845AD82-F8C7-40DE-ACD5-59F3DD6398A7}.Debug|Any CPU.Build.0 = Debug|Any CPU
		{2845AD82-F8C7-40DE-ACD5-59F3DD6398A7}.Release|Any CPU.ActiveCfg = Release|Any CPU
		{2845AD82-F8C7-40DE-ACD5-59F3DD6398A7}.Release|Any CPU.Build.0 = Release|Any CPU
	EndGlobalSection
	GlobalSection(SolutionProperties) = preSolution
		HideSolutionNode = FALSE
	EndGlobalSection
EndGlobal
